
Microsoft Visual Studio Solution File, Format Version 12.00
# Visual Studio Version 16
VisualStudioVersion = 16.0.30413.136
MinimumVisualStudioVersion = 10.0.40219.1
Project("{9A19103F-16F7-4668-BE54-9A1E7A4F7556}") = "CodeConvert", "CodeConvert.csproj", "{9C0217C9-FC69-47AA-9919-A3F4BF383218}"
EndProject
Global
	GlobalSection(SolutionConfigurationPlatforms) = preSolution
		Debug|Any CPU = Debug|Any CPU
		Release|Any CPU = Release|Any CPU
	EndGlobalSection
	GlobalSection(ProjectConfigurationPlatforms) = postSolution
		{9C0217C9-FC69-47AA-9919-A3F4BF383218}.Debug|Any CPU.ActiveCfg = Release|Any CPU
		{9C0217C9-FC69-47AA-9919-A3F4BF383218}.Debug|Any CPU.Build.0 = Release|Any CPU
		{9C0217C9-FC69-47AA-9919-A3F4BF383218}.Release|Any CPU.ActiveCfg = Release|Any CPU
		{9C0217C9-FC69-47AA-9919-A3F4BF383218}.Release|Any CPU.Build.0 = Release|Any CPU
	EndGlobalSection
	GlobalSection(SolutionProperties) = preSolution
		HideSolutionNode = FALSE
	EndGlobalSection
	GlobalSection(ExtensibilityGlobals) = postSolution
		SolutionGuid = {8D6CF730-26D1-403F-B1C1-D1C1F156B637}
	EndGlobalSection
EndGlobal
